PODS:
  - Masonry (1.0.2)
  - YYModel (1.0.4)

DEPENDENCIES:
  - Masonry (~> 1.0.1)
  - YYModel (~> 1.0.4)

SPEC REPOS:
  https://github.com/cocoapods/specs.git:
    - Masonry
    - YYModel

SPEC CHECKSUMS:
  Masonry: 7c429b56da9d4ee0bbb3ed77a5ea710d6a5df39e
  YYModel: 2a7fdd96aaa4b86a824e26d0c517de8928c04b30

PODFILE CHECKSUM: c706033150311587f3f926af3b8769f94951127c

COCOAPODS: 1.5.3
